
Microsoft Visual Studio Solution File, Format Version 12.00
Project("{2150E333-8FDC-42A3-9474-1A3956D46DE8}") = "src", "src", "{D47CA1F9-A0A2-4105-A1C6-D578F88D5464}"
EndProject
Project("{2150E333-8FDC-42A3-9474-1A3956D46DE8}") = "Application", "Application", "{05249FB1-2E88-4DC1-B992-F86D83E508C0}"
EndProject
Project("{2150E333-8FDC-42A3-9474-1A3956D46DE8}") = "Domain", "Domain", "{77AA02D9-0065-4075-B4B0-676F5CB2837D}"
EndProject
Project("{2150E333-8FDC-42A3-9474-1A3956D46DE8}") = "Infrastructure", "Infrastructure", "{6201FA41-5055-4EC3-986E-D59E2CFC2015}"
EndProject
Project("{2150E333-8FDC-42A3-9474-1A3956D46DE8}") = "Presentation", "Presentation", "{B36AF723-9EB9-4F2F-B9D8-778F887702B8}"
EndProject
Project("{FAE04EC0-301F-11D3-BF4B-00C04F79EFBC}") = "Admin-HR.API", "src\Presentation\Admin-HR.API\Admin-HR.API.csproj", "{A477316C-3A69-47E1-85C7-FA5F549B7709}"
EndProject
Project("{FAE04EC0-301F-11D3-BF4B-00C04F79EFBC}") = "Admin-HR.Infrastructure.Persistence", "src\Infrastructure\Admin-HR.Infrastructure.Persistence\Admin-HR.Infrastructure.Persistence.csproj", "{A2900B86-7742-4595-AF4C-0CBBC16BB643}"
EndProject
Project("{FAE04EC0-301F-11D3-BF4B-00C04F79EFBC}") = "HR-Admin.Application", "src\Application\HR-Admin.Application\HR-Admin.Application.csproj", "{60A1F9FA-DC50-4BDC-9EA2-C2C14383D76C}"
EndProject
Project("{FAE04EC0-301F-11D3-BF4B-00C04F79EFBC}") = "Admin-HR.Domain", "src\Domain\Admin-HR.Domain\Admin-HR.Domain.csproj", "{5C2B5198-742E-4DEA-9CDF-BD4622B42C4E}"
EndProject
Project("{FAE04EC0-301F-11D3-BF4B-00C04F79EFBC}") = "Admin-HR.Infrastructure", "src\Infrastructure\Admin-HR.Infrastructure\Admin-HR.Infrastructure.csproj", "{1546F834-3D2A-44BE-AD4E-D6610281303E}"
EndProject
Global
	GlobalSection(SolutionConfigurationPlatforms) = preSolution
		Debug|Any CPU = Debug|Any CPU
		Release|Any CPU = Release|Any CPU
	EndGlobalSection
	GlobalSection(NestedProjects) = preSolution
		{05249FB1-2E88-4DC1-B992-F86D83E508C0} = {D47CA1F9-A0A2-4105-A1C6-D578F88D5464}
		{77AA02D9-0065-4075-B4B0-676F5CB2837D} = {D47CA1F9-A0A2-4105-A1C6-D578F88D5464}
		{6201FA41-5055-4EC3-986E-D59E2CFC2015} = {D47CA1F9-A0A2-4105-A1C6-D578F88D5464}
		{B36AF723-9EB9-4F2F-B9D8-778F887702B8} = {D47CA1F9-A0A2-4105-A1C6-D578F88D5464}
		{A477316C-3A69-47E1-85C7-FA5F549B7709} = {B36AF723-9EB9-4F2F-B9D8-778F887702B8}
		{A2900B86-7742-4595-AF4C-0CBBC16BB643} = {6201FA41-5055-4EC3-986E-D59E2CFC2015}
		{60A1F9FA-DC50-4BDC-9EA2-C2C14383D76C} = {05249FB1-2E88-4DC1-B992-F86D83E508C0}
		{5C2B5198-742E-4DEA-9CDF-BD4622B42C4E} = {77AA02D9-0065-4075-B4B0-676F5CB2837D}
		{1546F834-3D2A-44BE-AD4E-D6610281303E} = {6201FA41-5055-4EC3-986E-D59E2CFC2015}
	EndGlobalSection
	GlobalSection(ProjectConfigurationPlatforms) = postSolution
		{A477316C-3A69-47E1-85C7-FA5F549B7709}.Debug|Any CPU.ActiveCfg = Debug|Any CPU
		{A477316C-3A69-47E1-85C7-FA5F549B7709}.Debug|Any CPU.Build.0 = Debug|Any CPU
		{A477316C-3A69-47E1-85C7-FA5F549B7709}.Release|Any CPU.ActiveCfg = Release|Any CPU
		{A477316C-3A69-47E1-85C7-FA5F549B7709}.Release|Any CPU.Build.0 = Release|Any CPU
		{A2900B86-7742-4595-AF4C-0CBBC16BB643}.Debug|Any CPU.ActiveCfg = Debug|Any CPU
		{A2900B86-7742-4595-AF4C-0CBBC16BB643}.Debug|Any CPU.Build.0 = Debug|Any CPU
		{A2900B86-7742-4595-AF4C-0CBBC16BB643}.Release|Any CPU.ActiveCfg = Release|Any CPU
		{A2900B86-7742-4595-AF4C-0CBBC16BB643}.Release|Any CPU.Build.0 = Release|Any CPU
		{60A1F9FA-DC50-4BDC-9EA2-C2C14383D76C}.Debug|Any CPU.ActiveCfg = Debug|Any CPU
		{60A1F9FA-DC50-4BDC-9EA2-C2C14383D76C}.Debug|Any CPU.Build.0 = Debug|Any CPU
		{60A1F9FA-DC50-4BDC-9EA2-C2C14383D76C}.Release|Any CPU.ActiveCfg = Release|Any CPU
		{60A1F9FA-DC50-4BDC-9EA2-C2C14383D76C}.Release|Any CPU.Build.0 = Release|Any CPU
		{5C2B5198-742E-4DEA-9CDF-BD4622B42C4E}.Debug|Any CPU.ActiveCfg = Debug|Any CPU
		{5C2B5198-742E-4DEA-9CDF-BD4622B42C4E}.Debug|Any CPU.Build.0 = Debug|Any CPU
		{5C2B5198-742E-4DEA-9CDF-BD4622B42C4E}.Release|Any CPU.ActiveCfg = Release|Any CPU
		{5C2B5198-742E-4DEA-9CDF-BD4622B42C4E}.Release|Any CPU.Build.0 = Release|Any CPU
		{1546F834-3D2A-44BE-AD4E-D6610281303E}.Debug|Any CPU.ActiveCfg = Debug|Any CPU
		{1546F834-3D2A-44BE-AD4E-D6610281303E}.Debug|Any CPU.Build.0 = Debug|Any CPU
		{1546F834-3D2A-44BE-AD4E-D6610281303E}.Release|Any CPU.ActiveCfg = Release|Any CPU
		{1546F834-3D2A-44BE-AD4E-D6610281303E}.Release|Any CPU.Build.0 = Release|Any CPU
	EndGlobalSection
EndGlobal
