
Microsoft Visual Studio Solution File, Format Version 12.00
Project("{2150E333-8FDC-42A3-9474-1A3956D46DE8}") = "src", "src", "{071658D7-0AD2-43FC-8FEC-A83377ED1F30}"
EndProject
Project("{2150E333-8FDC-42A3-9474-1A3956D46DE8}") = "Application", "Application", "{0582E7F4-AA88-4AF6-AA54-7BBD83772D29}"
EndProject
Project("{2150E333-8FDC-42A3-9474-1A3956D46DE8}") = "Infrastructure", "Infrastructure", "{9861FFCF-EACD-4034-B190-7E9D13CB6FDF}"
EndProject
Project("{2150E333-8FDC-42A3-9474-1A3956D46DE8}") = "Domain", "Domain", "{D22925AB-D621-42AD-8021-890EE6549D90}"
EndProject
Project("{2150E333-8FDC-42A3-9474-1A3956D46DE8}") = "Presentation", "Presentation", "{38B84373-A308-407C-8084-32CD4AAB59CE}"
EndProject
Project("{FAE04EC0-301F-11D3-BF4B-00C04F79EFBC}") = "HR-Admin.Domain", "src\Domain\HR-Admin.Domain\HR-Admin.Domain.csproj", "{1CFBC1E9-07FA-4CA1-A538-E35DBEFE4465}"
EndProject
Project("{FAE04EC0-301F-11D3-BF4B-00C04F79EFBC}") = "HR-Admin.API", "src\Presentation\HR-Admin.API\HR-Admin.API.csproj", "{C9B0ED79-0B39-4F18-9825-60F03C3F6C1E}"
EndProject
Project("{FAE04EC0-301F-11D3-BF4B-00C04F79EFBC}") = "HR-Admin.Infrastructure.Persistence", "src\Infrastructure\HR-Admin.Infrastructure.Persistence\HR-Admin.Infrastructure.Persistence.csproj", "{885330A7-7D5C-40C9-B582-D81DBA112ABE}"
EndProject
Global
	GlobalSection(SolutionConfigurationPlatforms) = preSolution
		Debug|Any CPU = Debug|Any CPU
		Release|Any CPU = Release|Any CPU
	EndGlobalSection
	GlobalSection(NestedProjects) = preSolution
		{0582E7F4-AA88-4AF6-AA54-7BBD83772D29} = {071658D7-0AD2-43FC-8FEC-A83377ED1F30}
		{9861FFCF-EACD-4034-B190-7E9D13CB6FDF} = {071658D7-0AD2-43FC-8FEC-A83377ED1F30}
		{D22925AB-D621-42AD-8021-890EE6549D90} = {071658D7-0AD2-43FC-8FEC-A83377ED1F30}
		{38B84373-A308-407C-8084-32CD4AAB59CE} = {071658D7-0AD2-43FC-8FEC-A83377ED1F30}
		{1CFBC1E9-07FA-4CA1-A538-E35DBEFE4465} = {D22925AB-D621-42AD-8021-890EE6549D90}
		{C9B0ED79-0B39-4F18-9825-60F03C3F6C1E} = {38B84373-A308-407C-8084-32CD4AAB59CE}
		{885330A7-7D5C-40C9-B582-D81DBA112ABE} = {9861FFCF-EACD-4034-B190-7E9D13CB6FDF}
	EndGlobalSection
	GlobalSection(ProjectConfigurationPlatforms) = postSolution
		{1CFBC1E9-07FA-4CA1-A538-E35DBEFE4465}.Debug|Any CPU.ActiveCfg = Debug|Any CPU
		{1CFBC1E9-07FA-4CA1-A538-E35DBEFE4465}.Debug|Any CPU.Build.0 = Debug|Any CPU
		{1CFBC1E9-07FA-4CA1-A538-E35DBEFE4465}.Release|Any CPU.ActiveCfg = Release|Any CPU
		{1CFBC1E9-07FA-4CA1-A538-E35DBEFE4465}.Release|Any CPU.Build.0 = Release|Any CPU
		{C9B0ED79-0B39-4F18-9825-60F03C3F6C1E}.Debug|Any CPU.ActiveCfg = Debug|Any CPU
		{C9B0ED79-0B39-4F18-9825-60F03C3F6C1E}.Debug|Any CPU.Build.0 = Debug|Any CPU
		{C9B0ED79-0B39-4F18-9825-60F03C3F6C1E}.Release|Any CPU.ActiveCfg = Release|Any CPU
		{C9B0ED79-0B39-4F18-9825-60F03C3F6C1E}.Release|Any CPU.Build.0 = Release|Any CPU
		{885330A7-7D5C-40C9-B582-D81DBA112ABE}.Debug|Any CPU.ActiveCfg = Debug|Any CPU
		{885330A7-7D5C-40C9-B582-D81DBA112ABE}.Debug|Any CPU.Build.0 = Debug|Any CPU
		{885330A7-7D5C-40C9-B582-D81DBA112ABE}.Release|Any CPU.ActiveCfg = Release|Any CPU
		{885330A7-7D5C-40C9-B582-D81DBA112ABE}.Release|Any CPU.Build.0 = Release|Any CPU
	EndGlobalSection
EndGlobal
